
Microsoft Visual Studio Solution File, Format Version 12.00
# Visual Studio Version 17
VisualStudioVersion = 17.2.32616.157
MinimumVisualStudioVersion = 10.0.40219.1
Project("{9A19103F-16F7-4668-BE54-9A1E7A4F7556}") = "KlickbookEcommerceService.API", "KlickbookEcommerceService.API\KlickbookEcommerceService.API.csproj", "{1F60A55B-DECB-4A91-8B09-2858C318B93A}"
EndProject
Project("{9A19103F-16F7-4668-BE54-9A1E7A4F7556}") = "KlickbookEcommerceService.Service", "KlickbookEcommerceService.Service\KlickbookEcommerceService.Service.csproj", "{4BD4A4A9-D478-4F02-AA7B-D5D6BC4FBF01}"
EndProject
Project("{9A19103F-16F7-4668-BE54-9A1E7A4F7556}") = "KlickbookEcommerceService.Common", "KlickbookEcommerceService.Common\KlickbookEcommerceService.Common.csproj", "{1C79D022-1228-4CB5-BC3D-593A5F711557}"
EndProject
Global
	GlobalSection(SolutionConfigurationPlatforms) = preSolution
		Debug|Any CPU = Debug|Any CPU
		Release|Any CPU = Release|Any CPU
	EndGlobalSection
	GlobalSection(ProjectConfigurationPlatforms) = postSolution
		{1F60A55B-DECB-4A91-8B09-2858C318B93A}.Debug|Any CPU.ActiveCfg = Debug|Any CPU
		{1F60A55B-DECB-4A91-8B09-2858C318B93A}.Debug|Any CPU.Build.0 = Debug|Any CPU
		{1F60A55B-DECB-4A91-8B09-2858C318B93A}.Release|Any CPU.ActiveCfg = Release|Any CPU
		{1F60A55B-DECB-4A91-8B09-2858C318B93A}.Release|Any CPU.Build.0 = Release|Any CPU
		{4BD4A4A9-D478-4F02-AA7B-D5D6BC4FBF01}.Debug|Any CPU.ActiveCfg = Debug|Any CPU
		{4BD4A4A9-D478-4F02-AA7B-D5D6BC4FBF01}.Debug|Any CPU.Build.0 = Debug|Any CPU
		{4BD4A4A9-D478-4F02-AA7B-D5D6BC4FBF01}.Release|Any CPU.ActiveCfg = Release|Any CPU
		{4BD4A4A9-D478-4F02-AA7B-D5D6BC4FBF01}.Release|Any CPU.Build.0 = Release|Any CPU
		{1C79D022-1228-4CB5-BC3D-593A5F711557}.Debug|Any CPU.ActiveCfg = Debug|Any CPU
		{1C79D022-1228-4CB5-BC3D-593A5F711557}.Debug|Any CPU.Build.0 = Debug|Any CPU
		{1C79D022-1228-4CB5-BC3D-593A5F711557}.Release|Any CPU.ActiveCfg = Release|Any CPU
		{1C79D022-1228-4CB5-BC3D-593A5F711557}.Release|Any CPU.Build.0 = Release|Any CPU
	EndGlobalSection
	GlobalSection(SolutionProperties) = preSolution
		HideSolutionNode = FALSE
	EndGlobalSection
	GlobalSection(ExtensibilityGlobals) = postSolution
		SolutionGuid = {D32A3724-2098-4B9A-A94C-7AA82FB2D2C1}
	EndGlobalSection
EndGlobal
